
Microsoft Visual Studio Solution File, Format Version 12.00
# Visual Studio Version 17
VisualStudioVersion = 17.11.35312.102
MinimumVisualStudioVersion = 10.0.40219.1
Project("{9A19103F-16F7-4668-BE54-9A1E7A4F7556}") = "AlloyMvcGraphQL", "AlloyMvcGraphQL.csproj", "{23ACC5ED-DB04-4B40-9BF8-C1552000359B}"
EndProject
Global
	GlobalSection(SolutionConfigurationPlatforms) = preSolution
		Debug|Any CPU = Debug|Any CPU
		Release|Any CPU = Release|Any CPU
	EndGlobalSection
	GlobalSection(ProjectConfigurationPlatforms) = postSolution
		{23ACC5ED-DB04-4B40-9BF8-C1552000359B}.Debug|Any CPU.ActiveCfg = Debug|Any CPU
		{23ACC5ED-DB04-4B40-9BF8-C1552000359B}.Debug|Any CPU.Build.0 = Debug|Any CPU
		{23ACC5ED-DB04-4B40-9BF8-C1552000359B}.Release|Any CPU.ActiveCfg = Release|Any CPU
		{23ACC5ED-DB04-4B40-9BF8-C1552000359B}.Release|Any CPU.Build.0 = Release|Any CPU
	EndGlobalSection
	GlobalSection(SolutionProperties) = preSolution
		HideSolutionNode = FALSE
	EndGlobalSection
	GlobalSection(ExtensibilityGlobals) = postSolution
		SolutionGuid = {CD7021C5-A93D-405A-A9E6-279BDE850D3F}
	EndGlobalSection
EndGlobal
